# This file is autogenerated, do not edit; changes may be undone by the next 'dep ensure'.


[[projects]]
  branch = "master"
  digest = "1:ef4eaf0b9b15b3f5e5afaf6a52303c39d46a9c3b6d13d0d81e4b785002606692"
  name = "code.cloudfoundry.org/gofileutils"
  packages = ["fileutils"]
  pruneopts = "UT"
  revision = "4d0c80011a0f37da1711c184028bc40137cd45af"

[[projects]]
  digest = "1:43ac38976d1da4ea8bbb37da4e6baca6127b1c19860104b7e84c28d112f3134c"
  name = "github.com/InVisionApp/go-health"
  packages = [
    ".",
    "checkers",
  ]
  pruneopts = "UT"
  revision = "a4a89dc763c320ee165018886368a202bdcffb87"
  version = "v2.1.2"

[[projects]]
  digest = "1:be2deb3cba3d2526b3692d80483f59df6462aabc875aace2db263f2664f30670"
  name = "github.com/InVisionApp/go-logger"
  packages = [
    ".",
    "shims/logrus",
  ]
  pruneopts = "UT"
  revision = "c377c6c3f6a48a6366517e86f77bafea18454ff1"
  version = "v1.0.1"

[[projects]]
  digest = "1:087d103f14f737c68b30386831252e96564a8a7e5e8c157227dd57154cd050d6"
  name = "github.com/Masterminds/semver"
  packages = ["."]
  pruneopts = "UT"
  revision = "805c489aa98f412e79eb308a37996bf9d8b1c91e"
  version = "v1.5.0"

[[projects]]
  branch = "master"
  digest = "1:9a2976ef125612f3e26878e4052debf48c9a0595f70cb4c80d2dcf929a35f4e9"
  name = "github.com/Peripli/service-broker-proxy"
  packages = [
    "pkg/authn",
    "pkg/logging",
    "pkg/platform",
    "pkg/sbproxy",
    "pkg/sbproxy/notifications",
    "pkg/sbproxy/notifications/handlers",
    "pkg/sbproxy/reconcile",
    "pkg/sm",
  ]
  pruneopts = "UT"
  revision = "17c6735c9dc5aceba328d1b52312a4dae26c5e35"

[[projects]]
  digest = "1:055fc0e43add62718304665b638fa52b0ddc2aa61873f6fdf1bc047d84283aa5"
  name = "github.com/Peripli/service-manager"
  packages = [
    "api",
    "api/configuration",
    "api/filters",
    "api/healthcheck",
    "api/info",
    "api/notifications",
    "api/osb",
    "api/profile",
    "config",
    "operations",
    "pkg/env",
    "pkg/env/envfakes",
    "pkg/health",
    "pkg/log",
    "pkg/multitenancy",
    "pkg/query",
    "pkg/query/parser",
    "pkg/security",
    "pkg/security/authenticators",
    "pkg/security/filters",
    "pkg/security/filters/middlewares",
    "pkg/security/http",
    "pkg/server",
    "pkg/types",
    "pkg/util",
    "pkg/util/slice",
    "pkg/web",
    "pkg/ws",
    "storage",
    "storage/interceptors",
  ]
  pruneopts = "UT"
  revision = "fe1b4ba4cd5f95f18c277d3067f7accb682f4743"
  version = "v0.10.0"

[[projects]]
  digest = "1:d04889482897652dedae6d8575b479c06fa3eb3c3abe248163b25d3df5fab43e"
  name = "github.com/antlr/antlr4"
  packages = ["runtime/Go/antlr"]
  pruneopts = "UT"
  revision = "be58ebffde8e29c154192c019608f0a5b8e6a064"
  version = "4.7.2"

[[projects]]
  branch = "master"
  digest = "1:166ffb28681619e62c0a7e23f35c490ad63b99ef3b8033b9e1c62b703a6f55e9"
  name = "github.com/cloudfoundry-community/go-cfclient"
  packages = ["."]
  pruneopts = "UT"
  revision = "35bcce23fc5f8b9969723ac38c0de1f82c4d3471"

[[projects]]
  digest = "1:d5fa6328bd281ac91e7b5d3f45b49f8ac36c30b6a530f633d91c6eaef50cd137"
  name = "github.com/cloudfoundry-community/go-cfenv"
  packages = ["."]
  pruneopts = "UT"
  revision = "e84b5c116637ef174eb8c7d68a28bc7269b3b9cb"

[[projects]]
  digest = "1:f6e5e1bc64c2908167e6aa9a1fe0c084d515132a1c63ad5b6c84036aa06dc0c1"
  name = "github.com/coreos/go-oidc"
  packages = ["."]
  pruneopts = "UT"
  revision = "1180514eaf4d9f38d0d19eef639a1d695e066e72"

[[projects]]
  digest = "1:ca82a3b99694824c627573c2a76d0e49719b4a9c02d1d85a2ac91f1c1f52ab9b"
  name = "github.com/fatih/structs"
  packages = ["."]
  pruneopts = "UT"
  revision = "a720dfa8df582c51dee1b36feabb906bde1588bd"
  version = "v1.0"

[[projects]]
  digest = "1:abeb38ade3f32a92943e5be54f55ed6d6e3b6602761d74b4aab4c9dd45c18abd"
  name = "github.com/fsnotify/fsnotify"
  packages = ["."]
  pruneopts = "UT"
  revision = "c2828203cd70a50dcccfb2761f8b1f8ceef9a8e9"
  version = "v1.4.7"

[[projects]]
  digest = "1:9ae31ce33b4bab257668963e844d98765b44160be4ee98cafc44637a213e530d"
  name = "github.com/gobwas/glob"
  packages = [
    ".",
    "compiler",
    "match",
    "syntax",
    "syntax/ast",
    "syntax/lexer",
    "util/runes",
    "util/strings",
  ]
  pruneopts = "UT"
  revision = "5ccd90ef52e1e632236f7326478d4faa74f99438"
  version = "v0.2.3"

[[projects]]
  digest = "1:26f2ad8a198a88c3605401186a6be538326e7fbf1f14cb3ef4e0027c4f755f2a"
  name = "github.com/gofrs/uuid"
  packages = ["."]
  pruneopts = "UT"
  revision = "d41eeda0759468834c84365a32d1b1ec4264c75f"
  version = "v3.1.0"

[[projects]]
  digest = "1:573ca21d3669500ff845bdebee890eb7fc7f0f50c59f2132f2a0c6b03d85086a"
  name = "github.com/golang/protobuf"
  packages = ["proto"]
  pruneopts = "UT"
  revision = "6c65a5562fc06764971b7c5d05c76c75e84bdbf7"
  version = "v1.3.2"

[[projects]]
  digest = "1:c79fb010be38a59d657c48c6ba1d003a8aa651fa56b579d959d74573b7dff8e1"
  name = "github.com/gorilla/context"
  packages = ["."]
  pruneopts = "UT"
  revision = "08b5f424b9271eedf6f9f0ce86cb9396ed337a42"
  version = "v1.1.1"

[[projects]]
  digest = "1:88aa9e326e2bd6045a46e00a922954b3e1a9ac5787109f49ac85366df370e1e5"
  name = "github.com/gorilla/mux"
  packages = ["."]
  pruneopts = "UT"
  revision = "53c1911da2b537f792e7cafcb446b05ffe33b996"
  version = "v1.6.1"

[[projects]]
  digest = "1:e62657cca9badaa308d86e7716083e4c5933bb78e30a17743fc67f50be26f6f4"
  name = "github.com/gorilla/websocket"
  packages = ["."]
  pruneopts = "UT"
  revision = "c3e18be99d19e6b3e8f1559eea2c161a665c4b6b"
  version = "v1.4.1"

[[projects]]
  digest = "1:c0d19ab64b32ce9fe5cf4ddceba78d5bc9807f0016db6b1183599da3dcc24d10"
  name = "github.com/hashicorp/hcl"
  packages = [
    ".",
    "hcl/ast",
    "hcl/parser",
    "hcl/printer",
    "hcl/scanner",
    "hcl/strconv",
    "hcl/token",
    "json/parser",
    "json/scanner",
    "json/token",
  ]
  pruneopts = "UT"
  revision = "8cb6e5b959231cc1119e43259c4a608f9c51a241"
  version = "v1.0.0"

[[projects]]
  digest = "1:a1038ef593beb4771c8f0f9c26e8b00410acd800af5c6864651d9bf160ea1813"
  name = "github.com/hpcloud/tail"
  packages = [
    ".",
    "ratelimiter",
    "util",
    "watch",
    "winfile",
  ]
  pruneopts = "UT"
  revision = "a30252cb686a21eb2d0b98132633053ec2f7f1e5"
  version = "v1.0.0"

[[projects]]
  digest = "1:31e761d97c76151dde79e9d28964a812c46efc5baee4085b86f68f0c654450de"
  name = "github.com/konsorten/go-windows-terminal-sequences"
  packages = ["."]
  pruneopts = "UT"
  revision = "f55edac94c9bbba5d6182a4be46d86a2c9b5b50e"
  version = "v1.0.2"

[[projects]]
  digest = "1:5a0ef768465592efca0412f7e838cdc0826712f8447e70e6ccc52eb441e9ab13"
  name = "github.com/magiconair/properties"
  packages = ["."]
  pruneopts = "UT"
  revision = "de8848e004dd33dc07a2947b3d76f618a7fc7ef1"
  version = "v1.8.1"

[[projects]]
  digest = "1:53bc4cd4914cd7cd52139990d5170d6dc99067ae31c56530621b18b35fc30318"
  name = "github.com/mitchellh/mapstructure"
  packages = ["."]
  pruneopts = "UT"
  revision = "3536a929edddb9a5b34bd6861dc4a9647cb459fe"
  version = "v1.1.2"

[[projects]]
  digest = "1:96df5bdca983e4b8c62682af5b67100b187d582ac6db0968d8af52e84138d1e6"
  name = "github.com/onrik/logrus"
  packages = ["filename"]
  pruneopts = "UT"
  revision = "94ad747c51752e8dfa69cfd0335b8c76bf1ae592"
  version = "v0.4.1"

[[projects]]
  digest = "1:51766ddcba65b7f0eece2906249d7603970959ba0f1011b72037485044339ece"
  name = "github.com/onsi/ginkgo"
  packages = [
    ".",
    "config",
    "internal/codelocation",
    "internal/containernode",
    "internal/failer",
    "internal/leafnodes",
    "internal/remote",
    "internal/spec",
    "internal/spec_iterator",
    "internal/specrunner",
    "internal/suite",
    "internal/testingtproxy",
    "internal/writer",
    "reporters",
    "reporters/stenographer",
    "reporters/stenographer/support/go-colorable",
    "reporters/stenographer/support/go-isatty",
    "types",
  ]
  pruneopts = "UT"
  revision = "ce5d301e555bb672c693c099ba6ca5087b06c0b4"
  version = "v1.10.3"

[[projects]]
  digest = "1:71d53439ebaf7cbc47cf4f6443ed39da7541875e9f547a6470f11f2120a5a6ee"
  name = "github.com/onsi/gomega"
  packages = [
    ".",
    "format",
    "ghttp",
    "internal/assertion",
    "internal/asyncassertion",
    "internal/oraclematcher",
    "internal/testingtsupport",
    "matchers",
    "matchers/support/goraph/bipartitegraph",
    "matchers/support/goraph/edge",
    "matchers/support/goraph/node",
    "matchers/support/goraph/util",
    "types",
  ]
  pruneopts = "UT"
  revision = "f9a52764bd5a0fd2d201bcca584351d03b72f8da"
  version = "v1.7.1"

[[projects]]
  digest = "1:6eea828983c70075ca297bb915ffbcfd3e34c5a50affd94428a65df955c0ff9c"
  name = "github.com/pelletier/go-toml"
  packages = ["."]
  pruneopts = "UT"
  revision = "903d9455db9ff1d7ac1ab199062eca7266dd11a3"
  version = "v1.6.0"

[[projects]]
  digest = "1:cf31692c14422fa27c83a05292eb5cbe0fb2775972e8f1f8446a71549bd8980b"
  name = "github.com/pkg/errors"
  packages = ["."]
  pruneopts = "UT"
  revision = "ba968bfe8b2f7e042a574c888954fccecfa385b4"
  version = "v0.8.1"

[[projects]]
  branch = "master"
  digest = "1:bd9efe4e0b0f768302a1e2f0c22458149278de533e521206e5ddc71848c269a0"
  name = "github.com/pquerna/cachecontrol"
  packages = [
    ".",
    "cacheobject",
  ]
  pruneopts = "UT"
  revision = "1555304b9b35fdd2b425bccf1a5613677705e7d0"

[[projects]]
  digest = "1:fd61cf4ae1953d55df708acb6b91492d538f49c305b364a014049914495db426"
  name = "github.com/sirupsen/logrus"
  packages = ["."]
  pruneopts = "UT"
  revision = "8bdbc7bcc01dcbb8ec23dc8a28e332258d25251f"
  version = "v1.4.1"

[[projects]]
  digest = "1:bb495ec276ab82d3dd08504bbc0594a65de8c3b22c6f2aaa92d05b73fbf3a82e"
  name = "github.com/spf13/afero"
  packages = [
    ".",
    "mem",
  ]
  pruneopts = "UT"
  revision = "588a75ec4f32903aa5e39a2619ba6a4631e28424"
  version = "v1.2.2"

[[projects]]
  digest = "1:516e71bed754268937f57d4ecb190e01958452336fa73dbac880894164e91c1f"
  name = "github.com/spf13/cast"
  packages = ["."]
  pruneopts = "UT"
  revision = "8965335b8c7107321228e3e3702cab9832751bac"
  version = "v1.2.0"

[[projects]]
  digest = "1:1b753ec16506f5864d26a28b43703c58831255059644351bbcb019b843950900"
  name = "github.com/spf13/jwalterweatherman"
  packages = ["."]
  pruneopts = "UT"
  revision = "94f6ae3ed3bceceafa716478c5fbf8d29ca601a1"
  version = "v1.1.0"

[[projects]]
  digest = "1:9424f440bba8f7508b69414634aef3b2b3a877e522d8a4624692412805407bb7"
  name = "github.com/spf13/pflag"
  packages = ["."]
  pruneopts = "UT"
  revision = "583c0c0531f06d5278b7d917446061adc344b5cd"
  version = "v1.0.1"

[[projects]]
  digest = "1:11118bd196646c6515fea3d6c43f66162833c6ae4939bfb229b9956d91c6cf17"
  name = "github.com/spf13/viper"
  packages = ["."]
  pruneopts = "UT"
  revision = "b5bf975e5823809fb22c7644d008757f78a4259e"
  version = "v1.4.0"

[[projects]]
  digest = "1:719b772d0c56bbf1acd3a748f88b9d02ff6da543994b5d7e1adf052eb5b693a1"
  name = "github.com/tidwall/gjson"
  packages = ["."]
  pruneopts = "UT"
  revision = "5c2e4b382486589dad7478130a364ee2fa6a068b"
  version = "v1.3.5"

[[projects]]
  digest = "1:8453ddbed197809ee8ca28b06bd04e127bec9912deb4ba451fea7a1eca578328"
  name = "github.com/tidwall/match"
  packages = ["."]
  pruneopts = "UT"
  revision = "33827db735fff6510490d69a8622612558a557ed"
  version = "v1.0.1"

[[projects]]
  digest = "1:ddfe0a54e5f9b29536a6d7b2defa376f2cb2b6e4234d676d7ff214d5b097cb50"
  name = "github.com/tidwall/pretty"
  packages = ["."]
  pruneopts = "UT"
  revision = "1166b9ac2b65e46a43d8618d30d1554f4652d49b"
  version = "v1.0.0"

[[projects]]
  digest = "1:b70c951ba6fdeecfbd50dabe95aa5e1b973866ae9abbece46ad60348112214f2"
  name = "github.com/tidwall/sjson"
  packages = ["."]
  pruneopts = "UT"
  revision = "25fb082a20e29e83fb7b7ef5f5919166aad1f084"
  version = "v1.0.4"

[[projects]]
  branch = "master"
  digest = "1:5cdf4eb6946922ebe638b90e548e1a86085b778d9daf0889951b39f44e6bbe6c"
  name = "golang.org/x/crypto"
  packages = [
    "ed25519",
    "ed25519/internal/edwards25519",
    "pbkdf2",
  ]
  pruneopts = "UT"
  revision = "e7c4368fe9ddd156b5f1463283cb51c5b400c373"

[[projects]]
  branch = "master"
  digest = "1:6d181de04481fe0fca984916930cdaaa0fbad5121c08b7255eb78be76c5ebada"
  name = "golang.org/x/net"
  packages = [
    "context",
    "context/ctxhttp",
    "html",
    "html/atom",
    "html/charset",
  ]
  pruneopts = "UT"
  revision = "1ddd1de85cb0337b623b740a609d35817d516a8d"

[[projects]]
  branch = "master"
  digest = "1:d6cd171816957f16fe559d9365073b79cb9bee957fb331ec19f1e1329858b944"
  name = "golang.org/x/oauth2"
  packages = [
    ".",
    "clientcredentials",
    "internal",
  ]
  pruneopts = "UT"
  revision = "858c2ad4c8b6c5d10852cb89079f6ca1c7309787"

[[projects]]
  branch = "master"
  digest = "1:4da420ceda5f68e8d748aa2169d0ed44ffadb1bbd6537cf778a49563104189b8"
  name = "golang.org/x/sys"
  packages = ["unix"]
  pruneopts = "UT"
  revision = "ce4227a45e2eb77e5c847278dcc6a626742e2945"

[[projects]]
  digest = "1:7570a3e4daa14b7627089e77ad8c714f5f36b4cf1b7dfd8510df7d6935dc42a0"
  name = "golang.org/x/text"
  packages = [
    "encoding",
    "encoding/charmap",
    "encoding/htmlindex",
    "encoding/internal",
    "encoding/internal/identifier",
    "encoding/japanese",
    "encoding/korean",
    "encoding/simplifiedchinese",
    "encoding/traditionalchinese",
    "encoding/unicode",
    "internal/gen",
    "internal/language",
    "internal/language/compact",
    "internal/tag",
    "internal/triegen",
    "internal/ucd",
    "internal/utf8internal",
    "language",
    "runes",
    "transform",
    "unicode/cldr",
    "unicode/norm",
  ]
  pruneopts = "UT"
  revision = "342b2e1fbaa52c93f31447ad2c6abc048c63e475"
  version = "v0.3.2"

[[projects]]
  digest = "1:e0a1881f9e0564bebdeac98c75e59f07acdde6ed3a5396e0e613eaad31194866"
  name = "google.golang.org/appengine"
  packages = [
    "internal",
    "internal/base",
    "internal/datastore",
    "internal/log",
    "internal/remote_api",
    "internal/urlfetch",
    "urlfetch",
  ]
  pruneopts = "UT"
  revision = "971852bfffca25b069c31162ae8f247a3dba083b"
  version = "v1.6.5"

[[projects]]
  digest = "1:abeb38ade3f32a92943e5be54f55ed6d6e3b6602761d74b4aab4c9dd45c18abd"
  name = "gopkg.in/fsnotify.v1"
  packages = ["."]
  pruneopts = "UT"
  revision = "c2828203cd70a50dcccfb2761f8b1f8ceef9a8e9"
  source = "https://github.com/fsnotify/fsnotify.git"
  version = "v1.4.7"

[[projects]]
  digest = "1:8ebd7bc4892e673e8d3c6377c71e8c691b92c5e51cd3159efb8343b580213b70"
  name = "gopkg.in/square/go-jose.v2"
  packages = [
    ".",
    "cipher",
    "json",
  ]
  pruneopts = "UT"
  revision = "8fd82ff1d52a5162ff23c0a48e2c64a1fa4a3f8f"
  version = "v2.4.0"

[[projects]]
  branch = "v1"
  digest = "1:0caa92e17bc0b65a98c63e5bc76a9e844cd5e56493f8fdbb28fad101a16254d9"
  name = "gopkg.in/tomb.v1"
  packages = ["."]
  pruneopts = "UT"
  revision = "dd632973f1e7218eb1089048e0798ec9ae7dceb8"

[[projects]]
  branch = "v2"
  digest = "1:b75b3deb2bce8bc079e16bb2aecfe01eb80098f5650f9e93e5643ca8b7b73737"
  name = "gopkg.in/yaml.v2"
  packages = ["."]
  pruneopts = "UT"
  revision = "1f64d6156d11335c3f22d9330b0ad14fc1e789ce"

[solve-meta]
  analyzer-name = "dep"
  analyzer-version = 1
  input-imports = [
    "github.com/Peripli/service-broker-proxy/pkg/platform",
    "github.com/Peripli/service-broker-proxy/pkg/sbproxy",
    "github.com/Peripli/service-broker-proxy/pkg/sbproxy/reconcile",
    "github.com/Peripli/service-manager/pkg/env",
    "github.com/Peripli/service-manager/pkg/env/envfakes",
    "github.com/Peripli/service-manager/pkg/log",
    "github.com/Peripli/service-manager/pkg/server",
    "github.com/Peripli/service-manager/pkg/types",
    "github.com/cloudfoundry-community/go-cfclient",
    "github.com/cloudfoundry-community/go-cfenv",
    "github.com/gofrs/uuid",
    "github.com/onsi/ginkgo",
    "github.com/onsi/gomega",
    "github.com/onsi/gomega/ghttp",
    "github.com/pkg/errors",
    "github.com/spf13/pflag",
  ]
  solver-name = "gps-cdcl"
  solver-version = 1
